// !$*UTF8*$!
{
	archiveVersion = 1;
	classes = {
	};
	objectVersion = 50;
	objects = {

/* Begin PBXBuildFile section */
		0612478E21BCDE93004A6AD2 /* FileManager+extensions.swift in Sources */ = {isa = PBXBuildFile; fileRef = 0612478D21BCDE93004A6AD2 /* FileManager+extensions.swift */; };
		0641D49C21B7716100EA7DF9 /* TodoTableViewCell.swift in Sources */ = {isa = PBXBuildFile; fileRef = 0641D49B21B7716100EA7DF9 /* TodoTableViewCell.swift */; };
		0653511521BF34230097CBA1 /* CollectionViewCell.swift in Sources */ = {isa = PBXBuildFile; fileRef = 0653511421BF34230097CBA1 /* CollectionViewCell.swift */; };
		0672390421B3148700F97813 /* AppDelegate.swift in Sources */ = {isa = PBXBuildFile; fileRef = 0672390321B3148700F97813 /* AppDelegate.swift */; };
		0672390621B3148700F97813 /* TodoViewController.swift in Sources */ = {isa = PBXBuildFile; fileRef = 0672390521B3148700F97813 /* TodoViewController.swift */; };
		0672390921B3148700F97813 /* Main.storyboard in Resources */ = {isa = PBXBuildFile; fileRef = 0672390721B3148700F97813 /* Main.storyboard */; };
		0672390B21B3148900F97813 /* Assets.xcassets in Resources */ = {isa = PBXBuildFile; fileRef = 0672390A21B3148900F97813 /* Assets.xcassets */; };
		0672390E21B3148900F97813 /* LaunchScreen.storyboard in Resources */ = {isa = PBXBuildFile; fileRef = 0672390C21B3148900F97813 /* LaunchScreen.storyboard */; };
		0672391921B3148900F97813 /* todoTests.swift in Sources */ = {isa = PBXBuildFile; fileRef = 0672391821B3148900F97813 /* todoTests.swift */; };
		0672392421B3148900F97813 /* todoUITests.swift in Sources */ = {isa = PBXBuildFile; fileRef = 0672392321B3148900F97813 /* todoUITests.swift */; };
		0672393221B506AF00F97813 /* TodoItem.swift in Sources */ = {isa = PBXBuildFile; fileRef = 0672393121B506AF00F97813 /* TodoItem.swift */; };
		0672393421B5B27400F97813 /* TodoList.swift in Sources */ = {isa = PBXBuildFile; fileRef = 0672393321B5B27400F97813 /* TodoList.swift */; };
		0672393621B64F5500F97813 /* ItemDetailViewController.swift in Sources */ = {isa = PBXBuildFile; fileRef = 0672393521B64F5500F97813 /* ItemDetailViewController.swift */; };
		06C9FC5921BF321D007F01D0 /* CollectionViewController.swift in Sources */ = {isa = PBXBuildFile; fileRef = 06C9FC5821BF321D007F01D0 /* CollectionViewController.swift */; };
/* End PBXBuildFile section */

/* Begin PBXContainerItemProxy section */
		0672391521B3148900F97813 /* PBXContainerItemProxy */ = {
			isa = PBXContainerItemProxy;
			containerPortal = 067238F821B3148700F97813 /* Project object */;
			proxyType = 1;
			remoteGlobalIDString = 067238FF21B3148700F97813;
			remoteInfo = todo;
		};
		0672392021B3148900F97813 /* PBXContainerItemProxy */ = {
			isa = PBXContainerItemProxy;
			containerPortal = 067238F821B3148700F97813 /* Project object */;
			proxyType = 1;
			remoteGlobalIDString = 067238FF21B3148700F97813;
			remoteInfo = todo;
		};
/* End PBXContainerItemProxy section */

/* Begin PBXFileReference section */
		0612478D21BCDE93004A6AD2 /* FileManager+extensions.swift */ = {isa = PBXFileReference; lastKnownFileType = sourcecode.swift; path = "FileManager+extensions.swift"; sourceTree = "<group>"; };
		0641D49B21B7716100EA7DF9 /* TodoTableViewCell.swift */ = {isa = PBXFileReference; lastKnownFileType = sourcecode.swift; path = TodoTableViewCell.swift; sourceTree = "<group>"; };
		0653511421BF34230097CBA1 /* CollectionViewCell.swift */ = {isa = PBXFileReference; lastKnownFileType = sourcecode.swift; path = CollectionViewCell.swift; sourceTree = "<group>"; };
		0672390021B3148700F97813 /* todo.app */ = {isa = PBXFileReference; explicitFileType = wrapper.application; includeInIndex = 0; path = todo.app; sourceTree = BUILT_PRODUCTS_DIR; };
		0672390321B3148700F97813 /* AppDelegate.swift */ = {isa = PBXFileReference; lastKnownFileType = sourcecode.swift; path = AppDelegate.swift; sourceTree = "<group>"; };
		0672390521B3148700F97813 /* TodoViewController.swift */ = {isa = PBXFileReference; lastKnownFileType = sourcecode.swift; path = TodoViewController.swift; sourceTree = "<group>"; };
		0672390821B3148700F97813 /* Base */ = {isa = PBXFileReference; lastKnownFileType = file.storyboard; name = Base; path = Base.lproj/Main.storyboard; sourceTree = "<group>"; };
		0672390A21B3148900F97813 /* Assets.xcassets */ = {isa = PBXFileReference; lastKnownFileType = folder.assetcatalog; path = Assets.xcassets; sourceTree = "<group>"; };
		0672390D21B3148900F97813 /* Base */ = {isa = PBXFileReference; lastKnownFileType = file.storyboard; name = Base; path = Base.lproj/LaunchScreen.storyboard; sourceTree = "<group>"; };
		0672390F21B3148900F97813 /* Info.plist */ = {isa = PBXFileReference; lastKnownFileType = text.plist.xml; path = Info.plist; sourceTree = "<group>"; };
		0672391421B3148900F97813 /* todoTests.xctest */ = {isa = PBXFileReference; explicitFileType = wrapper.cfbundle; includeInIndex = 0; path = todoTests.xctest; sourceTree = BUILT_PRODUCTS_DIR; };
		0672391821B3148900F97813 /* todoTests.swift */ = {isa = PBXFileReference; lastKnownFileType = sourcecode.swift; path = todoTests.swift; sourceTree = "<group>"; };
		0672391A21B3148900F97813 /* Info.plist */ = {isa = PBXFileReference; lastKnownFileType = text.plist.xml; path = Info.plist; sourceTree = "<group>"; };
		0672391F21B3148900F97813 /* todoUITests.xctest */ = {isa = PBXFileReference; explicitFileType = wrapper.cfbundle; includeInIndex = 0; path = todoUITests.xctest; sourceTree = BUILT_PRODUCTS_DIR; };
		0672392321B3148900F97813 /* todoUITests.swift */ = {isa = PBXFileReference; lastKnownFileType = sourcecode.swift; path = todoUITests.swift; sourceTree = "<group>"; };
		0672392521B3148900F97813 /* Info.plist */ = {isa = PBXFileReference; lastKnownFileType = text.plist.xml; path = Info.plist; sourceTree = "<group>"; };
		0672393121B506AF00F97813 /* TodoItem.swift */ = {isa = PBXFileReference; lastKnownFileType = sourcecode.swift; path = TodoItem.swift; sourceTree = "<group>"; };
		0672393321B5B27400F97813 /* TodoList.swift */ = {isa = PBXFileReference; lastKnownFileType = sourcecode.swift; path = TodoList.swift; sourceTree = "<group>"; };
		0672393521B64F5500F97813 /* ItemDetailViewController.swift */ = {isa = PBXFileReference; lastKnownFileType = sourcecode.swift; path = ItemDetailViewController.swift; sourceTree = "<group>"; };
		06C9FC5821BF321D007F01D0 /* CollectionViewController.swift */ = {isa = PBXFileReference; lastKnownFileType = sourcecode.swift; path = CollectionViewController.swift; sourceTree = "<group>"; };
/* End PBXFileReference section */

/* Begin PBXFrameworksBuildPhase section */
		067238FD21B3148700F97813 /* Frameworks */ = {
			isa = PBXFrameworksBuildPhase;
			buildActionMask = 2147483647;
			files = (
			);
			runOnlyForDeploymentPostprocessing = 0;
		};
		0672391121B3148900F97813 /* Frameworks */ = {
			isa = PBXFrameworksBuildPhase;
			buildActionMask = 2147483647;
			files = (
			);
			runOnlyForDeploymentPostprocessing = 0;
		};
		0672391C21B3148900F97813 /* Frameworks */ = {
			isa = PBXFrameworksBuildPhase;
			buildActionMask = 2147483647;
			files = (
			);
			runOnlyForDeploymentPostprocessing = 0;
		};
/* End PBXFrameworksBuildPhase section */

/* Begin PBXGroup section */
		0641D49D21B7737B00EA7DF9 /* ViewControllers */ = {
			isa = PBXGroup;
			children = (
				0672390521B3148700F97813 /* TodoViewController.swift */,
				0672393521B64F5500F97813 /* ItemDetailViewController.swift */,
				06C9FC5821BF321D007F01D0 /* CollectionViewController.swift */,
			);
			path = ViewControllers;
			sourceTree = "<group>";
		};
		0641D49E21B7738A00EA7DF9 /* Utilities */ = {
			isa = PBXGroup;
			children = (
				0653511421BF34230097CBA1 /* CollectionViewCell.swift */,
				0641D49B21B7716100EA7DF9 /* TodoTableViewCell.swift */,
				0672393121B506AF00F97813 /* TodoItem.swift */,
				0672393321B5B27400F97813 /* TodoList.swift */,
				0612478D21BCDE93004A6AD2 /* FileManager+extensions.swift */,
			);
			path = Utilities;
			sourceTree = "<group>";
		};
		0641D49F21B773A200EA7DF9 /* Resources */ = {
			isa = PBXGroup;
			children = (
				0672390A21B3148900F97813 /* Assets.xcassets */,
				0672390321B3148700F97813 /* AppDelegate.swift */,
				0672390721B3148700F97813 /* Main.storyboard */,
				0672390C21B3148900F97813 /* LaunchScreen.storyboard */,
				0672390F21B3148900F97813 /* Info.plist */,
			);
			path = Resources;
			sourceTree = "<group>";
		};
		067238F721B3148700F97813 = {
			isa = PBXGroup;
			children = (
				0672390221B3148700F97813 /* todo */,
				0672391721B3148900F97813 /* todoTests */,
				0672392221B3148900F97813 /* todoUITests */,
				0672390121B3148700F97813 /* Products */,
			);
			sourceTree = "<group>";
		};
		0672390121B3148700F97813 /* Products */ = {
			isa = PBXGroup;
			children = (
				0672390021B3148700F97813 /* todo.app */,
				0672391421B3148900F97813 /* todoTests.xctest */,
				0672391F21B3148900F97813 /* todoUITests.xctest */,
			);
			name = Products;
			sourceTree = "<group>";
		};
		0672390221B3148700F97813 /* todo */ = {
			isa = PBXGroup;
			children = (
				0641D49D21B7737B00EA7DF9 /* ViewControllers */,
				0641D49E21B7738A00EA7DF9 /* Utilities */,
				0641D49F21B773A200EA7DF9 /* Resources */,
			);
			path = todo;
			sourceTree = "<group>";
		};
		0672391721B3148900F97813 /* todoTests */ = {
			isa = PBXGroup;
			children = (
				0672391821B3148900F97813 /* todoTests.swift */,
				0672391A21B3148900F97813 /* Info.plist */,
			);
			path = todoTests;
			sourceTree = "<group>";
		};
		0672392221B3148900F97813 /* todoUITests */ = {
			isa = PBXGroup;
			children = (
				0672392321B3148900F97813 /* todoUITests.swift */,
				0672392521B3148900F97813 /* Info.plist */,
			);
			path = todoUITests;
			sourceTree = "<group>";
		};
/* End PBXGroup section */

/* Begin PBXNativeTarget section */
		067238FF21B3148700F97813 /* todo */ = {
			isa = PBXNativeTarget;
			buildConfigurationList = 0672392821B3148900F97813 /* Build configuration list for PBXNativeTarget "todo" */;
			buildPhases = (
				067238FC21B3148700F97813 /* Sources */,
				067238FD21B3148700F97813 /* Frameworks */,
				067238FE21B3148700F97813 /* Resources */,
			);
			buildRules = (
			);
			dependencies = (
			);
			name = todo;
			productName = todo;
			productReference = 0672390021B3148700F97813 /* todo.app */;
			productType = "com.apple.product-type.application";
		};
		0672391321B3148900F97813 /* todoTests */ = {
			isa = PBXNativeTarget;
			buildConfigurationList = 0672392B21B3148900F97813 /* Build configuration list for PBXNativeTarget "todoTests" */;
			buildPhases = (
				0672391021B3148900F97813 /* Sources */,
				0672391121B3148900F97813 /* Frameworks */,
				0672391221B3148900F97813 /* Resources */,
			);
			buildRules = (
			);
			dependencies = (
				0672391621B3148900F97813 /* PBXTargetDependency */,
			);
			name = todoTests;
			productName = todoTests;
			productReference = 0672391421B3148900F97813 /* todoTests.xctest */;
			productType = "com.apple.product-type.bundle.unit-test";
		};
		0672391E21B3148900F97813 /* todoUITests */ = {
			isa = PBXNativeTarget;
			buildConfigurationList = 0672392E21B3148900F97813 /* Build configuration list for PBXNativeTarget "todoUITests" */;
			buildPhases = (
				0672391B21B3148900F97813 /* Sources */,
				0672391C21B3148900F97813 /* Frameworks */,
				0672391D21B3148900F97813 /* Resources */,
			);
			buildRules = (
			);
			dependencies = (
				0672392121B3148900F97813 /* PBXTargetDependency */,
			);
			name = todoUITests;
			productName = todoUITests;
			productReference = 0672391F21B3148900F97813 /* todoUITests.xctest */;
			productType = "com.apple.product-type.bundle.ui-testing";
		};
/* End PBXNativeTarget section */

/* Begin PBXProject section */
		067238F821B3148700F97813 /* Project object */ = {
			isa = PBXProject;
			attributes = {
				LastSwiftUpdateCheck = 1010;
				LastUpgradeCheck = 1010;
				ORGANIZATIONNAME = "Andrew Johnston";
				TargetAttributes = {
					067238FF21B3148700F97813 = {
						CreatedOnToolsVersion = 10.1;
					};
					0672391321B3148900F97813 = {
						CreatedOnToolsVersion = 10.1;
						TestTargetID = 067238FF21B3148700F97813;
					};
					0672391E21B3148900F97813 = {
						CreatedOnToolsVersion = 10.1;
						TestTargetID = 067238FF21B3148700F97813;
					};
				};
			};
			buildConfigurationList = 067238FB21B3148700F97813 /* Build configuration list for PBXProject "todo" */;
			compatibilityVersion = "Xcode 9.3";
			developmentRegion = en;
			hasScannedForEncodings = 0;
			knownRegions = (
				en,
				Base,
			);
			mainGroup = 067238F721B3148700F97813;
			productRefGroup = 0672390121B3148700F97813 /* Products */;
			projectDirPath = "";
			projectRoot = "";
			targets = (
				067238FF21B3148700F97813 /* todo */,
				0672391321B3148900F97813 /* todoTests */,
				0672391E21B3148900F97813 /* todoUITests */,
			);
		};
/* End PBXProject section */

/* Begin PBXResourcesBuildPhase section */
		067238FE21B3148700F97813 /* Resources */ = {
			isa = PBXResourcesBuildPhase;
			buildActionMask = 2147483647;
			files = (
				0672390E21B3148900F97813 /* LaunchScreen.storyboard in Resources */,
				0672390B21B3148900F97813 /* Assets.xcassets in Resources */,
				0672390921B3148700F97813 /* Main.storyboard in Resources */,
			);
			runOnlyForDeploymentPostprocessing = 0;
		};
		0672391221B3148900F97813 /* Resources */ = {
			isa = PBXResourcesBuildPhase;
			buildActionMask = 2147483647;
			files = (
			);
			runOnlyForDeploymentPostprocessing = 0;
		};
		0672391D21B3148900F97813 /* Resources */ = {
			isa = PBXResourcesBuildPhase;
			buildActionMask = 2147483647;
			files = (
			);
			runOnlyForDeploymentPostprocessing = 0;
		};
/* End PBXResourcesBuildPhase section */

/* Begin PBXSourcesBuildPhase section */
		067238FC21B3148700F97813 /* Sources */ = {
			isa = PBXSourcesBuildPhase;
			buildActionMask = 2147483647;
			files = (
				0672393221B506AF00F97813 /* TodoItem.swift in Sources */,
				0672393621B64F5500F97813 /* ItemDetailViewController.swift in Sources */,
				0653511521BF34230097CBA1 /* CollectionViewCell.swift in Sources */,
				0672390621B3148700F97813 /* TodoViewController.swift in Sources */,
				0612478E21BCDE93004A6AD2 /* FileManager+extensions.swift in Sources */,
				06C9FC5921BF321D007F01D0 /* CollectionViewController.swift in Sources */,
				0641D49C21B7716100EA7DF9 /* TodoTableViewCell.swift in Sources */,
				0672390421B3148700F97813 /* AppDelegate.swift in Sources */,
				0672393421B5B27400F97813 /* TodoList.swift in Sources */,
			);
			runOnlyForDeploymentPostprocessing = 0;
		};
		0672391021B3148900F97813 /* Sources */ = {
			isa = PBXSourcesBuildPhase;
			buildActionMask = 2147483647;
			files = (
				0672391921B3148900F97813 /* todoTests.swift in Sources */,
			);
			runOnlyForDeploymentPostprocessing = 0;
		};
		0672391B21B3148900F97813 /* Sources */ = {
			isa = PBXSourcesBuildPhase;
			buildActionMask = 2147483647;
			files = (
				0672392421B3148900F97813 /* todoUITests.swift in Sources */,
			);
			runOnlyForDeploymentPostprocessing = 0;
		};
/* End PBXSourcesBuildPhase section */

/* Begin PBXTargetDependency section */
		0672391621B3148900F97813 /* PBXTargetDependency */ = {
			isa = PBXTargetDependency;
			target = 067238FF21B3148700F97813 /* todo */;
			targetProxy = 0672391521B3148900F97813 /* PBXContainerItemProxy */;
		};
		0672392121B3148900F97813 /* PBXTargetDependency */ = {
			isa = PBXTargetDependency;
			target = 067238FF21B3148700F97813 /* todo */;
			targetProxy = 0672392021B3148900F97813 /* PBXContainerItemProxy */;
		};
/* End PBXTargetDependency section */

/* Begin PBXVariantGroup section */
		0672390721B3148700F97813 /* Main.storyboard */ = {
			isa = PBXVariantGroup;
			children = (
				0672390821B3148700F97813 /* Base */,
			);
			name = Main.storyboard;
			sourceTree = "<group>";
		};
		0672390C21B3148900F97813 /* LaunchScreen.storyboard */ = {
			isa = PBXVariantGroup;
			children = (
				0672390D21B3148900F97813 /* Base */,
			);
			name = LaunchScreen.storyboard;
			sourceTree = "<group>";
		};
/* End PBXVariantGroup section */

/* Begin XCBuildConfiguration section */
		0672392621B3148900F97813 /* Debug */ = {
			isa = XCBuildConfiguration;
			buildSettings = {
				ALWAYS_SEARCH_USER_PATHS = NO;
				CLANG_ANALYZER_NONNULL = YES;
				CLANG_ANALYZER_NUMBER_OBJECT_CONVERSION = YES_AGGRESSIVE;
				CLANG_CXX_LANGUAGE_STANDARD = "gnu++14";
				CLANG_CXX_LIBRARY = "libc++";
				CLANG_ENABLE_MODULES = YES;
				CLANG_ENABLE_OBJC_ARC = YES;
				CLANG_ENABLE_OBJC_WEAK = YES;
				CLANG_WARN_BLOCK_CAPTURE_AUTORELEASING = YES;
				CLANG_WARN_BOOL_CONVERSION = YES;
				CLANG_WARN_COMMA = YES;
				CLANG_WARN_CONSTANT_CONVERSION = YES;
				CLANG_WARN_DEPRECATED_OBJC_IMPLEMENTATIONS = YES;
				CLANG_WARN_DIRECT_OBJC_ISA_USAGE = YES_ERROR;
				CLANG_WARN_DOCUMENTATION_COMMENTS = YES;
				CLANG_WARN_EMPTY_BODY = YES;
				CLANG_WARN_ENUM_CONVERSION = YES;
				CLANG_WARN_INFINITE_RECURSION = YES;
				CLANG_WARN_INT_CONVERSION = YES;
				CLANG_WARN_NON_LITERAL_NULL_CONVERSION = YES;
				CLANG_WARN_OBJC_IMPLICIT_RETAIN_SELF = YES;
				CLANG_WARN_OBJC_LITERAL_CONVERSION = YES;
				CLANG_WARN_OBJC_ROOT_CLASS = YES_ERROR;
				CLANG_WARN_RANGE_LOOP_ANALYSIS = YES;
				CLANG_WARN_STRICT_PROTOTYPES = YES;
				CLANG_WARN_SUSPICIOUS_MOVE = YES;
				CLANG_WARN_UNGUARDED_AVAILABILITY = YES_AGGRESSIVE;
				CLANG_WARN_UNREACHABLE_CODE = YES;
				CLANG_WARN__DUPLICATE_METHOD_MATCH = YES;
				CODE_SIGN_IDENTITY = "iPhone Developer";
				COPY_PHASE_STRIP = NO;
				DEBUG_INFORMATION_FORMAT = dwarf;
				ENABLE_STRICT_OBJC_MSGSEND = YES;
				ENABLE_TESTABILITY = YES;
				GCC_C_LANGUAGE_STANDARD = gnu11;
				GCC_DYNAMIC_NO_PIC = NO;
				GCC_NO_COMMON_BLOCKS = YES;
				GCC_OPTIMIZATION_LEVEL = 0;
				GCC_PREPROCESSOR_DEFINITIONS = (
					"DEBUG=1",
					"$(inherited)",
				);
				GCC_WARN_64_TO_32_BIT_CONVERSION = YES;
				GCC_WARN_ABOUT_RETURN_TYPE = YES_ERROR;
				GCC_WARN_UNDECLARED_SELECTOR = YES;
				GCC_WARN_UNINITIALIZED_AUTOS = YES_AGGRESSIVE;
				GCC_WARN_UNUSED_FUNCTION = YES;
				GCC_WARN_UNUSED_VARIABLE = YES;
				IPHONEOS_DEPLOYMENT_TARGET = 12.1;
				MTL_ENABLE_DEBUG_INFO = INCLUDE_SOURCE;
				MTL_FAST_MATH = YES;
				ONLY_ACTIVE_ARCH = YES;
				SDKROOT = iphoneos;
				SWIFT_ACTIVE_COMPILATION_CONDITIONS = DEBUG;
				SWIFT_OPTIMIZATION_LEVEL = "-Onone";
			};
			name = Debug;
		};
		0672392721B3148900F97813 /* Release */ = {
			isa = XCBuildConfiguration;
			buildSettings = {
				ALWAYS_SEARCH_USER_PATHS = NO;
				CLANG_ANALYZER_NONNULL = YES;
				CLANG_ANALYZER_NUMBER_OBJECT_CONVERSION = YES_AGGRESSIVE;
				CLANG_CXX_LANGUAGE_STANDARD = "gnu++14";
				CLANG_CXX_LIBRARY = "libc++";
				CLANG_ENABLE_MODULES = YES;
				CLANG_ENABLE_OBJC_ARC = YES;
				CLANG_ENABLE_OBJC_WEAK = YES;
				CLANG_WARN_BLOCK_CAPTURE_AUTORELEASING = YES;
				CLANG_WARN_BOOL_CONVERSION = YES;
				CLANG_WARN_COMMA = YES;
				CLANG_WARN_CONSTANT_CONVERSION = YES;
				CLANG_WARN_DEPRECATED_OBJC_IMPLEMENTATIONS = YES;
				CLANG_WARN_DIRECT_OBJC_ISA_USAGE = YES_ERROR;
				CLANG_WARN_DOCUMENTATION_COMMENTS = YES;
				CLANG_WARN_EMPTY_BODY = YES;
				CLANG_WARN_ENUM_CONVERSION = YES;
				CLANG_WARN_INFINITE_RECURSION = YES;
				CLANG_WARN_INT_CONVERSION = YES;
				CLANG_WARN_NON_LITERAL_NULL_CONVERSION = YES;
				CLANG_WARN_OBJC_IMPLICIT_RETAIN_SELF = YES;
				CLANG_WARN_OBJC_LITERAL_CONVERSION = YES;
				CLANG_WARN_OBJC_ROOT_CLASS = YES_ERROR;
				CLANG_WARN_RANGE_LOOP_ANALYSIS = YES;
				CLANG_WARN_STRICT_PROTOTYPES = YES;
				CLANG_WARN_SUSPICIOUS_MOVE = YES;
				CLANG_WARN_UNGUARDED_AVAILABILITY = YES_AGGRESSIVE;
				CLANG_WARN_UNREACHABLE_CODE = YES;
				CLANG_WARN__DUPLICATE_METHOD_MATCH = YES;
				CODE_SIGN_IDENTITY = "iPhone Developer";
				COPY_PHASE_STRIP = NO;
				DEBUG_INFORMATION_FORMAT = "dwarf-with-dsym";
				ENABLE_NS_ASSERTIONS = NO;
				ENABLE_STRICT_OBJC_MSGSEND = YES;
				GCC_C_LANGUAGE_STANDARD = gnu11;
				GCC_NO_COMMON_BLOCKS = YES;
				GCC_WARN_64_TO_32_BIT_CONVERSION = YES;
				GCC_WARN_ABOUT_RETURN_TYPE = YES_ERROR;
				GCC_WARN_UNDECLARED_SELECTOR = YES;
				GCC_WARN_UNINITIALIZED_AUTOS = YES_AGGRESSIVE;
				GCC_WARN_UNUSED_FUNCTION = YES;
				GCC_WARN_UNUSED_VARIABLE = YES;
				IPHONEOS_DEPLOYMENT_TARGET = 12.1;
				MTL_ENABLE_DEBUG_INFO = NO;
				MTL_FAST_MATH = YES;
				SDKROOT = iphoneos;
				SWIFT_COMPILATION_MODE = wholemodule;
				SWIFT_OPTIMIZATION_LEVEL = "-O";
				VALIDATE_PRODUCT = YES;
			};
			name = Release;
		};
		0672392921B3148900F97813 /* Debug */ = {
			isa = XCBuildConfiguration;
			buildSettings = {
				ASSETCATALOG_COMPILER_APPICON_NAME = AppIcon;
				CODE_SIGN_STYLE = Automatic;
				DEVELOPMENT_TEAM = JPQVG7G3Q3;
				INFOPLIST_FILE = "$(SRCROOT)/todo/Resources/Info.plist";
				LD_RUNPATH_SEARCH_PATHS = (
					"$(inherited)",
					"@executable_path/Frameworks",
				);
				PRODUCT_BUNDLE_IDENTIFIER = arjohnston.todo;
				PRODUCT_NAME = "$(TARGET_NAME)";
				SWIFT_VERSION = 4.2;
				TARGETED_DEVICE_FAMILY = 1;
			};
			name = Debug;
		};
		0672392A21B3148900F97813 /* Release */ = {
			isa = XCBuildConfiguration;
			buildSettings = {
				ASSETCATALOG_COMPILER_APPICON_NAME = AppIcon;
				CODE_SIGN_STYLE = Automatic;
				DEVELOPMENT_TEAM = JPQVG7G3Q3;
				INFOPLIST_FILE = "$(SRCROOT)/todo/Resources/Info.plist";
				LD_RUNPATH_SEARCH_PATHS = (
					"$(inherited)",
					"@executable_path/Frameworks",
				);
				PRODUCT_BUNDLE_IDENTIFIER = arjohnston.todo;
				PRODUCT_NAME = "$(TARGET_NAME)";
				SWIFT_VERSION = 4.2;
				TARGETED_DEVICE_FAMILY = 1;
			};
			name = Release;
		};
		0672392C21B3148900F97813 /* Debug */ = {
			isa = XCBuildConfiguration;
			buildSettings = {
				ALWAYS_EMBED_SWIFT_STANDARD_LIBRARIES = YES;
				BUNDLE_LOADER = "$(TEST_HOST)";
				CODE_SIGN_STYLE = Automatic;
				DEVELOPMENT_TEAM = JPQVG7G3Q3;
				INFOPLIST_FILE = todoTests/Info.plist;
				LD_RUNPATH_SEARCH_PATHS = (
					"$(inherited)",
					"@executable_path/Frameworks",
					"@loader_path/Frameworks",
				);
				PRODUCT_BUNDLE_IDENTIFIER = arjohnston.todoTests;
				PRODUCT_NAME = "$(TARGET_NAME)";
				SWIFT_VERSION = 4.2;
				TARGETED_DEVICE_FAMILY = "1,2";
				TEST_HOST = "$(BUILT_PRODUCTS_DIR)/todo.app/todo";
			};
			name = Debug;
		};
		0672392D21B3148900F97813 /* Release */ = {
			isa = XCBuildConfiguration;
			buildSettings = {
				ALWAYS_EMBED_SWIFT_STANDARD_LIBRARIES = YES;
				BUNDLE_LOADER = "$(TEST_HOST)";
				CODE_SIGN_STYLE = Automatic;
				DEVELOPMENT_TEAM = JPQVG7G3Q3;
				INFOPLIST_FILE = todoTests/Info.plist;
				LD_RUNPATH_SEARCH_PATHS = (
					"$(inherited)",
					"@executable_path/Frameworks",
					"@loader_path/Frameworks",
				);
				PRODUCT_BUNDLE_IDENTIFIER = arjohnston.todoTests;
				PRODUCT_NAME = "$(TARGET_NAME)";
				SWIFT_VERSION = 4.2;
				TARGETED_DEVICE_FAMILY = "1,2";
				TEST_HOST = "$(BUILT_PRODUCTS_DIR)/todo.app/todo";
			};
			name = Release;
		};
		0672392F21B3148900F97813 /* Debug */ = {
			isa = XCBuildConfiguration;
			buildSettings = {
				ALWAYS_EMBED_SWIFT_STANDARD_LIBRARIES = YES;
				CODE_SIGN_STYLE = Automatic;
				DEVELOPMENT_TEAM = JPQVG7G3Q3;
				INFOPLIST_FILE = todoUITests/Info.plist;
				LD_RUNPATH_SEARCH_PATHS = (
					"$(inherited)",
					"@executable_path/Frameworks",
					"@loader_path/Frameworks",
				);
				PRODUCT_BUNDLE_IDENTIFIER = arjohnston.todoUITests;
				PRODUCT_NAME = "$(TARGET_NAME)";
				SWIFT_VERSION = 4.2;
				TARGETED_DEVICE_FAMILY = "1,2";
				TEST_TARGET_NAME = todo;
			};
			name = Debug;
		};
		0672393021B3148900F97813 /* Release */ = {
			isa = XCBuildConfiguration;
			buildSettings = {
				ALWAYS_EMBED_SWIFT_STANDARD_LIBRARIES = YES;
				CODE_SIGN_STYLE = Automatic;
				DEVELOPMENT_TEAM = JPQVG7G3Q3;
				INFOPLIST_FILE = todoUITests/Info.plist;
				LD_RUNPATH_SEARCH_PATHS = (
					"$(inherited)",
					"@executable_path/Frameworks",
					"@loader_path/Frameworks",
				);
				PRODUCT_BUNDLE_IDENTIFIER = arjohnston.todoUITests;
				PRODUCT_NAME = "$(TARGET_NAME)";
				SWIFT_VERSION = 4.2;
				TARGETED_DEVICE_FAMILY = "1,2";
				TEST_TARGET_NAME = todo;
			};
			name = Release;
		};
/* End XCBuildConfiguration section */

/* Begin XCConfigurationList section */
		067238FB21B3148700F97813 /* Build configuration list for PBXProject "todo" */ = {
			isa = XCConfigurationList;
			buildConfigurations = (
				0672392621B3148900F97813 /* Debug */,
				0672392721B3148900F97813 /* Release */,
			);
			defaultConfigurationIsVisible = 0;
			defaultConfigurationName = Release;
		};
		0672392821B3148900F97813 /* Build configuration list for PBXNativeTarget "todo" */ = {
			isa = XCConfigurationList;
			buildConfigurations = (
				0672392921B3148900F97813 /* Debug */,
				0672392A21B3148900F97813 /* Release */,
			);
			defaultConfigurationIsVisible = 0;
			defaultConfigurationName = Release;
		};
		0672392B21B3148900F97813 /* Build configuration list for PBXNativeTarget "todoTests" */ = {
			isa = XCConfigurationList;
			buildConfigurations = (
				0672392C21B3148900F97813 /* Debug */,
				0672392D21B3148900F97813 /* Release */,
			);
			defaultConfigurationIsVisible = 0;
			defaultConfigurationName = Release;
		};
		0672392E21B3148900F97813 /* Build configuration list for PBXNativeTarget "todoUITests" */ = {
			isa = XCConfigurationList;
			buildConfigurations = (
				0672392F21B3148900F97813 /* Debug */,
				0672393021B3148900F97813 /* Release */,
			);
			defaultConfigurationIsVisible = 0;
			defaultConfigurationName = Release;
		};
/* End XCConfigurationList section */
	};
	rootObject = 067238F821B3148700F97813 /* Project object */;
}
